// !$*UTF8*$!
{
	archiveVersion = 1;
	classes = {
	};
	objectVersion = 56;
	objects = {

/* Begin PBXBuildFile section */
		AF0100010000000000000001 /* AppDelegate.swift in Sources */ = {isa = PBXBuildFile; fileRef = AF0200010000000000000001 /* AppDelegate.swift */; };
		AF0100020000000000000001 /* GameView.swift in Sources */ = {isa = PBXBuildFile; fileRef = AF0200020000000000000001 /* GameView.swift */; };
		AF0100030000000000000001 /* GameViewController.swift in Sources */ = {isa = PBXBuildFile; fileRef = AF0200030000000000000001 /* GameViewController.swift */; };
		AF0100040000000000000001 /* RustWorld.swift in Sources */ = {isa = PBXBuildFile; fileRef = AF0200040000000000000001 /* RustWorld.swift */; };
		AF0100050000000000000001 /* GameController.swift in Sources */ = {isa = PBXBuildFile; fileRef = AF0200050000000000000001 /* GameController.swift */; };
		AF0100060000000000000001 /* Renderer.swift in Sources */ = {isa = PBXBuildFile; fileRef = AF0200060000000000000001 /* Renderer.swift */; };
		AF0100070000000000000001 /* AshenShaders.metal in Sources */ = {isa = PBXBuildFile; fileRef = AF0200070000000000000001 /* AshenShaders.metal */; };
		AF0100080000000000000001 /* AshenFrontierRust.xcframework in Frameworks */ = {isa = PBXBuildFile; fileRef = AF0200080000000000000001 /* AshenFrontierRust.xcframework */; };
		AF0100090000000000000001 /* Metal.framework in Frameworks */ = {isa = PBXBuildFile; fileRef = AF0200090000000000000001 /* Metal.framework */; };
		AF01000A0000000000000001 /* MetalKit.framework in Frameworks */ = {isa = PBXBuildFile; fileRef = AF02000A0000000000000001 /* MetalKit.framework */; };
/* End PBXBuildFile section */

/* Begin PBXFileReference section */
		AF0200010000000000000001 /* AppDelegate.swift */ = {isa = PBXFileReference; lastKnownFileType = sourcecode.swift; path = AppDelegate.swift; sourceTree = "<group>"; };
		AF0200020000000000000001 /* GameView.swift */ = {isa = PBXFileReference; lastKnownFileType = sourcecode.swift; path = GameView.swift; sourceTree = "<group>"; };
		AF0200030000000000000001 /* GameViewController.swift */ = {isa = PBXFileReference; lastKnownFileType = sourcecode.swift; path = GameViewController.swift; sourceTree = "<group>"; };
		AF0200040000000000000001 /* RustWorld.swift */ = {isa = PBXFileReference; lastKnownFileType = sourcecode.swift; path = RustWorld.swift; sourceTree = "<group>"; };
		AF0200050000000000000001 /* GameController.swift */ = {isa = PBXFileReference; lastKnownFileType = sourcecode.swift; path = GameController.swift; sourceTree = "<group>"; };
		AF0200060000000000000001 /* Renderer.swift */ = {isa = PBXFileReference; lastKnownFileType = sourcecode.swift; path = Renderer.swift; sourceTree = "<group>"; };
		AF0200070000000000000001 /* AshenShaders.metal */ = {isa = PBXFileReference; lastKnownFileType = sourcecode.metal; path = Shaders/AshenShaders.metal; sourceTree = "<group>"; };
		AF0200080000000000000001 /* AshenFrontierRust.xcframework */ = {isa = PBXFileReference; explicitFileType = wrapper.xcframework; includeInIndex = 0; path = ../../target/apple/AshenFrontierRust.xcframework; sourceTree = "<group>"; };
		AF0200090000000000000001 /* Metal.framework */ = {isa = PBXFileReference; lastKnownFileType = wrapper.framework; name = Metal.framework; path = System/Library/Frameworks/Metal.framework; sourceTree = SDKROOT; };
		AF02000A0000000000000001 /* MetalKit.framework */ = {isa = PBXFileReference; lastKnownFileType = wrapper.framework; name = MetalKit.framework; path = System/Library/Frameworks/MetalKit.framework; sourceTree = SDKROOT; };
		AF02000B0000000000000001 /* AshenFrontierIOS.app */ = {isa = PBXFileReference; explicitFileType = wrapper.application; includeInIndex = 0; path = AshenFrontierIOS.app; sourceTree = BUILT_PRODUCTS_DIR; };
		AF02000C0000000000000001 /* Info.plist */ = {isa = PBXFileReference; lastKnownFileType = text.plist.xml; path = Info.plist; sourceTree = "<group>"; };
/* End PBXFileReference section */

/* Begin PBXFrameworksBuildPhase section */
		AF0300010000000000000001 /* Frameworks */ = {
			isa = PBXFrameworksBuildPhase;
			buildActionMask = 2147483647;
			files = (
				AF0100080000000000000001 /* AshenFrontierRust.xcframework in Frameworks */,
				AF0100090000000000000001 /* Metal.framework in Frameworks */,
				AF01000A0000000000000001 /* MetalKit.framework in Frameworks */,
			);
			runOnlyForDeploymentPostprocessing = 0;
		};
/* End PBXFrameworksBuildPhase section */

/* Begin PBXGroup section */
		AF0400010000000000000001 = {
			isa = PBXGroup;
			children = (
				AF0400020000000000000001 /* AshenFrontierIOS */,
				AF0400030000000000000001 /* Shared Apple Sources */,
				AF0400040000000000000001 /* Frameworks */,
				AF0400050000000000000001 /* Products */,
			);
			sourceTree = "<group>";
		};
		AF0400020000000000000001 /* AshenFrontierIOS */ = {
			isa = PBXGroup;
			children = (
				AF0200010000000000000001 /* AppDelegate.swift */,
				AF0200020000000000000001 /* GameView.swift */,
				AF0200030000000000000001 /* GameViewController.swift */,
				AF02000C0000000000000001 /* Info.plist */,
			);
			path = AshenFrontierIOS;
			sourceTree = "<group>";
		};
		AF0400030000000000000001 /* Shared Apple Sources */ = {
			isa = PBXGroup;
			children = (
				AF0200040000000000000001 /* RustWorld.swift */,
				AF0200050000000000000001 /* GameController.swift */,
				AF0200060000000000000001 /* Renderer.swift */,
				AF0200070000000000000001 /* AshenShaders.metal */,
			);
			path = ../macos/Sources/AshenFrontierMac;
			sourceTree = "<group>";
		};
		AF0400040000000000000001 /* Frameworks */ = {
			isa = PBXGroup;
			children = (
				AF0200080000000000000001 /* AshenFrontierRust.xcframework */,
				AF0200090000000000000001 /* Metal.framework */,
				AF02000A0000000000000001 /* MetalKit.framework */,
			);
			name = Frameworks;
			sourceTree = "<group>";
		};
		AF0400050000000000000001 /* Products */ = {
			isa = PBXGroup;
			children = (
				AF02000B0000000000000001 /* AshenFrontierIOS.app */,
			);
			name = Products;
			sourceTree = "<group>";
		};
/* End PBXGroup section */

/* Begin PBXNativeTarget section */
		AF0500010000000000000001 /* AshenFrontierIOS */ = {
			isa = PBXNativeTarget;
			buildConfigurationList = AF0A00020000000000000001 /* Build configuration list for PBXNativeTarget "AshenFrontierIOS" */;
			buildPhases = (
				AF0600010000000000000001 /* Sources */,
				AF0300010000000000000001 /* Frameworks */,
				AF0700010000000000000001 /* Resources */,
			);
			buildRules = (
			);
			dependencies = (
			);
			name = AshenFrontierIOS;
			productName = AshenFrontierIOS;
			productReference = AF02000B0000000000000001 /* AshenFrontierIOS.app */;
			productType = "com.apple.product-type.application";
		};
/* End PBXNativeTarget section */

/* Begin PBXProject section */
		AF0800010000000000000001 /* Project object */ = {
			isa = PBXProject;
			attributes = {
				BuildIndependentTargetsInParallel = 1;
				LastSwiftUpdateCheck = 1600;
				LastUpgradeCheck = 1600;
				TargetAttributes = {
					AF0500010000000000000001 = {
						CreatedOnToolsVersion = 16.0;
					};
				};
			};
			buildConfigurationList = AF0A00010000000000000001 /* Build configuration list for PBXProject "AshenFrontierIOS" */;
			compatibilityVersion = "Xcode 14.0";
			developmentRegion = en;
			hasScannedForEncodings = 0;
			knownRegions = (
				en,
				Base,
			);
			mainGroup = AF0400010000000000000001;
			productRefGroup = AF0400050000000000000001 /* Products */;
			projectDirPath = "";
			projectRoot = "";
			targets = (
				AF0500010000000000000001 /* AshenFrontierIOS */,
			);
		};
/* End PBXProject section */

/* Begin PBXResourcesBuildPhase section */
		AF0700010000000000000001 /* Resources */ = {
			isa = PBXResourcesBuildPhase;
			buildActionMask = 2147483647;
			files = (
			);
			runOnlyForDeploymentPostprocessing = 0;
		};
/* End PBXResourcesBuildPhase section */

/* Begin PBXSourcesBuildPhase section */
		AF0600010000000000000001 /* Sources */ = {
			isa = PBXSourcesBuildPhase;
			buildActionMask = 2147483647;
			files = (
				AF0100010000000000000001 /* AppDelegate.swift in Sources */,
				AF0100020000000000000001 /* GameView.swift in Sources */,
				AF0100030000000000000001 /* GameViewController.swift in Sources */,
				AF0100040000000000000001 /* RustWorld.swift in Sources */,
				AF0100050000000000000001 /* GameController.swift in Sources */,
				AF0100060000000000000001 /* Renderer.swift in Sources */,
				AF0100070000000000000001 /* AshenShaders.metal in Sources */,
			);
			runOnlyForDeploymentPostprocessing = 0;
		};
/* End PBXSourcesBuildPhase section */

/* Begin XCBuildConfiguration section */
		AF0900010000000000000001 /* Debug */ = {
			isa = XCBuildConfiguration;
			buildSettings = {
				ALWAYS_SEARCH_USER_PATHS = NO;
				CLANG_ANALYZER_NONNULL = YES;
				CLANG_ANALYZER_NUMBER_OBJECT_CONVERSION = YES_AGGRESSIVE;
				CLANG_CXX_LANGUAGE_STANDARD = "gnu++20";
				CLANG_ENABLE_MODULES = YES;
				CLANG_ENABLE_OBJC_ARC = YES;
				CLANG_ENABLE_OBJC_WEAK = YES;
				CLANG_WARN_BOOL_CONVERSION = YES;
				CLANG_WARN_CONSTANT_CONVERSION = YES;
				CLANG_WARN_DEPRECATED_OBJC_IMPLEMENTATIONS = YES;
				CLANG_WARN_DIRECT_OBJC_ISA_USAGE = YES_ERROR;
				CLANG_WARN_DOCUMENTATION_COMMENTS = YES;
				CLANG_WARN_EMPTY_BODY = YES;
				CLANG_WARN_ENUM_CONVERSION = YES;
				CLANG_WARN_INFINITE_RECURSION = YES;
				CLANG_WARN_INT_CONVERSION = YES;
				CLANG_WARN_NON_LITERAL_NULL_CONVERSION = YES;
				CLANG_WARN_OBJC_IMPLICIT_RETAIN_SELF = YES;
				CLANG_WARN_OBJC_LITERAL_CONVERSION = YES;
				CLANG_WARN_OBJC_ROOT_CLASS = YES_ERROR;
				CLANG_WARN_QUOTED_INCLUDE_IN_FRAMEWORK_HEADER = YES;
				CLANG_WARN_RANGE_LOOP_ANALYSIS = YES;
				CLANG_WARN_STRICT_PROTOTYPES = YES;
				CLANG_WARN_SUSPICIOUS_MOVE = YES;
				CLANG_WARN_UNGUARDED_AVAILABILITY = YES_AGGRESSIVE;
				CLANG_WARN_UNREACHABLE_CODE = YES;
				CLANG_WARN__DUPLICATE_METHOD_MATCH = YES;
				COPY_PHASE_STRIP = NO;
				DEBUG_INFORMATION_FORMAT = dwarf;
				ENABLE_STRICT_OBJC_MSGSEND = YES;
				ENABLE_TESTABILITY = YES;
				GCC_C_LANGUAGE_STANDARD = gnu17;
				GCC_DYNAMIC_NO_PIC = NO;
				GCC_NO_COMMON_BLOCKS = YES;
				GCC_OPTIMIZATION_LEVEL = 0;
				GCC_PREPROCESSOR_DEFINITIONS = (
					"DEBUG=1",
					"$(inherited)",
				);
				GCC_WARN_64_TO_32_BIT_CONVERSION = YES;
				GCC_WARN_ABOUT_RETURN_TYPE = YES_ERROR;
				GCC_WARN_UNDECLARED_SELECTOR = YES;
				GCC_WARN_UNINITIALIZED_AUTOS = YES_AGGRESSIVE;
				GCC_WARN_UNUSED_FUNCTION = YES;
				GCC_WARN_UNUSED_VARIABLE = YES;
				IPHONEOS_DEPLOYMENT_TARGET = 17.0;
				MTL_ENABLE_DEBUG_INFO = INCLUDE_SOURCE;
				MTL_FAST_MATH = YES;
				ONLY_ACTIVE_ARCH = YES;
				SDKROOT = iphoneos;
				SWIFT_ACTIVE_COMPILATION_CONDITIONS = DEBUG;
				SWIFT_OPTIMIZATION_LEVEL = "-Onone";
			};
			name = Debug;
		};
		AF0900020000000000000001 /* Release */ = {
			isa = XCBuildConfiguration;
			buildSettings = {
				ALWAYS_SEARCH_USER_PATHS = NO;
				CLANG_ANALYZER_NONNULL = YES;
				CLANG_ANALYZER_NUMBER_OBJECT_CONVERSION = YES_AGGRESSIVE;
				CLANG_CXX_LANGUAGE_STANDARD = "gnu++20";
				CLANG_ENABLE_MODULES = YES;
				CLANG_ENABLE_OBJC_ARC = YES;
				CLANG_ENABLE_OBJC_WEAK = YES;
				CLANG_WARN_BOOL_CONVERSION = YES;
				CLANG_WARN_CONSTANT_CONVERSION = YES;
				CLANG_WARN_DEPRECATED_OBJC_IMPLEMENTATIONS = YES;
				CLANG_WARN_DIRECT_OBJC_ISA_USAGE = YES_ERROR;
				CLANG_WARN_DOCUMENTATION_COMMENTS = YES;
				CLANG_WARN_EMPTY_BODY = YES;
				CLANG_WARN_ENUM_CONVERSION = YES;
				CLANG_WARN_INFINITE_RECURSION = YES;
				CLANG_WARN_INT_CONVERSION = YES;
				CLANG_WARN_NON_LITERAL_NULL_CONVERSION = YES;
				CLANG_WARN_OBJC_IMPLICIT_RETAIN_SELF = YES;
				CLANG_WARN_OBJC_LITERAL_CONVERSION = YES;
				CLANG_WARN_OBJC_ROOT_CLASS = YES_ERROR;
				CLANG_WARN_QUOTED_INCLUDE_IN_FRAMEWORK_HEADER = YES;
				CLANG_WARN_RANGE_LOOP_ANALYSIS = YES;
				CLANG_WARN_STRICT_PROTOTYPES = YES;
				CLANG_WARN_SUSPICIOUS_MOVE = YES;
				CLANG_WARN_UNGUARDED_AVAILABILITY = YES_AGGRESSIVE;
				CLANG_WARN_UNREACHABLE_CODE = YES;
				CLANG_WARN__DUPLICATE_METHOD_MATCH = YES;
				COPY_PHASE_STRIP = NO;
				DEBUG_INFORMATION_FORMAT = "dwarf-with-dsym";
				ENABLE_NS_ASSERTIONS = NO;
				ENABLE_STRICT_OBJC_MSGSEND = YES;
				GCC_C_LANGUAGE_STANDARD = gnu17;
				GCC_NO_COMMON_BLOCKS = YES;
				GCC_WARN_64_TO_32_BIT_CONVERSION = YES;
				GCC_WARN_ABOUT_RETURN_TYPE = YES_ERROR;
				GCC_WARN_UNDECLARED_SELECTOR = YES;
				GCC_WARN_UNINITIALIZED_AUTOS = YES_AGGRESSIVE;
				GCC_WARN_UNUSED_FUNCTION = YES;
				GCC_WARN_UNUSED_VARIABLE = YES;
				IPHONEOS_DEPLOYMENT_TARGET = 17.0;
				MTL_ENABLE_DEBUG_INFO = NO;
				MTL_FAST_MATH = YES;
				SDKROOT = iphoneos;
				SWIFT_COMPILATION_MODE = wholemodule;
				SWIFT_OPTIMIZATION_LEVEL = "-O";
				VALIDATE_PRODUCT = YES;
			};
			name = Release;
		};
		AF0900030000000000000001 /* Debug */ = {
			isa = XCBuildConfiguration;
			buildSettings = {
				CODE_SIGN_STYLE = Automatic;
				CURRENT_PROJECT_VERSION = 1;
				DEVELOPMENT_TEAM = "";
				FRAMEWORK_SEARCH_PATHS = (
					"$(inherited)",
					"$(SRCROOT)/../../target/apple",
				);
				HEADER_SEARCH_PATHS = (
					"$(inherited)",
					"$(SRCROOT)/../macos/Sources/AshenFrontierBridge/include",
				);
				INFOPLIST_FILE = AshenFrontierIOS/Info.plist;
				LD_RUNPATH_SEARCH_PATHS = (
					"$(inherited)",
					"@executable_path/Frameworks",
				);
				MARKETING_VERSION = 0.1;
				PRODUCT_BUNDLE_IDENTIFIER = com.apexwoot.AshenFrontierIOS;
				PRODUCT_NAME = "$(TARGET_NAME)";
				SWIFT_EMIT_LOC_STRINGS = NO;
				SWIFT_INCLUDE_PATHS = (
					"$(inherited)",
					"$(SRCROOT)/../macos/Sources/AshenFrontierBridge",
				);
				SWIFT_VERSION = 6.0;
				TARGETED_DEVICE_FAMILY = "1,2";
			};
			name = Debug;
		};
		AF0900040000000000000001 /* Release */ = {
			isa = XCBuildConfiguration;
			buildSettings = {
				CODE_SIGN_STYLE = Automatic;
				CURRENT_PROJECT_VERSION = 1;
				DEVELOPMENT_TEAM = "";
				FRAMEWORK_SEARCH_PATHS = (
					"$(inherited)",
					"$(SRCROOT)/../../target/apple",
				);
				HEADER_SEARCH_PATHS = (
					"$(inherited)",
					"$(SRCROOT)/../macos/Sources/AshenFrontierBridge/include",
				);
				INFOPLIST_FILE = AshenFrontierIOS/Info.plist;
				LD_RUNPATH_SEARCH_PATHS = (
					"$(inherited)",
					"@executable_path/Frameworks",
				);
				MARKETING_VERSION = 0.1;
				PRODUCT_BUNDLE_IDENTIFIER = com.apexwoot.AshenFrontierIOS;
				PRODUCT_NAME = "$(TARGET_NAME)";
				SWIFT_EMIT_LOC_STRINGS = NO;
				SWIFT_INCLUDE_PATHS = (
					"$(inherited)",
					"$(SRCROOT)/../macos/Sources/AshenFrontierBridge",
				);
				SWIFT_VERSION = 6.0;
				TARGETED_DEVICE_FAMILY = "1,2";
			};
			name = Release;
		};
/* End XCBuildConfiguration section */

/* Begin XCConfigurationList section */
		AF0A00010000000000000001 /* Build configuration list for PBXProject "AshenFrontierIOS" */ = {
			isa = XCConfigurationList;
			buildConfigurations = (
				AF0900010000000000000001 /* Debug */,
				AF0900020000000000000001 /* Release */,
			);
			defaultConfigurationIsVisible = 0;
			defaultConfigurationName = Release;
		};
		AF0A00020000000000000001 /* Build configuration list for PBXNativeTarget "AshenFrontierIOS" */ = {
			isa = XCConfigurationList;
			buildConfigurations = (
				AF0900030000000000000001 /* Debug */,
				AF0900040000000000000001 /* Release */,
			);
			defaultConfigurationIsVisible = 0;
			defaultConfigurationName = Release;
		};
/* End XCConfigurationList section */
	};
	rootObject = AF0800010000000000000001 /* Project object */;
}
